
Microsoft Visual Studio Solution File, Format Version 12.00
# Visual Studio Version 16
VisualStudioVersion = 16.0.30517.126
MinimumVisualStudioVersion = 10.0.40219.1
Project("{FAE04EC0-301F-11D3-BF4B-00C04F79EFBC}") = "DynamicSQLDemo", "DynamicSQLDemo\DynamicSQLDemo.csproj", "{98F170CD-1275-4D33-AB00-A4A7A382382F}"
EndProject
Global
	GlobalSection(SolutionConfigurationPlatforms) = preSolution
		Debug|Any CPU = Debug|Any CPU
		Release|Any CPU = Release|Any CPU
	EndGlobalSection
	GlobalSection(ProjectConfigurationPlatforms) = postSolution
		{98F170CD-1275-4D33-AB00-A4A7A382382F}.Debug|Any CPU.ActiveCfg = Debug|Any CPU
		{98F170CD-1275-4D33-AB00-A4A7A382382F}.Debug|Any CPU.Build.0 = Debug|Any CPU
		{98F170CD-1275-4D33-AB00-A4A7A382382F}.Release|Any CPU.ActiveCfg = Release|Any CPU
		{98F170CD-1275-4D33-AB00-A4A7A382382F}.Release|Any CPU.Build.0 = Release|Any CPU
	EndGlobalSection
	GlobalSection(SolutionProperties) = preSolution
		HideSolutionNode = FALSE
	EndGlobalSection
	GlobalSection(ExtensibilityGlobals) = postSolution
		SolutionGuid = {EEA051BA-ED92-40CC-B30D-F4A578CD7717}
	EndGlobalSection
EndGlobal
